
Microsoft Visual Studio Solution File, Format Version 12.00
# Visual Studio 2013
VisualStudioVersion = 12.0.30324.0
MinimumVisualStudioVersion = 10.0.40219.1
Project("{FAE04EC0-301F-11D3-BF4B-00C04F79EFBC}") = "zyqdk.web", "zyqdk.web\zyqdk.web.csproj", "{271DCEA4-F8FA-45B6-ACD4-B562B67E670E}"
EndProject
Project("{2150E333-8FDC-42A3-9474-1A3956D46DE8}") = ".nuget", ".nuget", "{91EAEBF2-3625-4D22-AE31-4019EEDC8BCC}"
	ProjectSection(SolutionItems) = preProject
		.nuget\NuGet.Config = .nuget\NuGet.Config
		.nuget\NuGet.exe = .nuget\NuGet.exe
		.nuget\NuGet.targets = .nuget\NuGet.targets
	EndProjectSection
EndProject
Global
	GlobalSection(SolutionConfigurationPlatforms) = preSolution
		Debug|Any CPU = Debug|Any CPU
		Release|Any CPU = Release|Any CPU
	EndGlobalSection
	GlobalSection(ProjectConfigurationPlatforms) = postSolution
		{271DCEA4-F8FA-45B6-ACD4-B562B67E670E}.Debug|Any CPU.ActiveCfg = Debug|Any CPU
		{271DCEA4-F8FA-45B6-ACD4-B562B67E670E}.Debug|Any CPU.Build.0 = Debug|Any CPU
		{271DCEA4-F8FA-45B6-ACD4-B562B67E670E}.Release|Any CPU.ActiveCfg = Release|Any CPU
		{271DCEA4-F8FA-45B6-ACD4-B562B67E670E}.Release|Any CPU.Build.0 = Release|Any CPU
	EndGlobalSection
	GlobalSection(SolutionProperties) = preSolution
		HideSolutionNode = FALSE
	EndGlobalSection
EndGlobal
